<?xml version="1.0" encoding="utf-8"?>
<Project ToolsVersion="16.0" xmlns="http://schemas.microsoft.com/developer/msbuild/2003">
  <ItemGroup>
    <CustomBuild Include="D:\FluidSimulation\BEM\source\lapack-3.10.0\built\CMakeFiles\a278b01c89cb004ad41cfecb81fcf460\PACKAGE_force.rule">
      <Filter>CMake Rules</Filter>
    </CustomBuild>
  </ItemGroup>
  <ItemGroup>
    <Filter Include="CMake Rules">
      <UniqueIdentifier>{560781F2-EA59-3AAE-AB28-E0E534D1A120}</UniqueIdentifier>
    </Filter>
  </ItemGroup>
</Project>
