
Microsoft Visual Studio Solution File, Format Version 12.00
# Visual Studio Version 16
Project("{8BC9CEB8-8B4A-11D0-8D11-00A0C91BC942}") = "ALL_BUILD", "ALL_BUILD.vcxproj", "{9E24DB68-5647-3DF4-A69A-C05A6DD929D2}"
	ProjectSection(ProjectDependencies) = postProject
		{B73BB4FC-4EB6-30C1-B001-3AEA12F2D789} = {B73BB4FC-4EB6-30C1-B001-3AEA12F2D789}
		{A26EE4A6-6899-35DA-BCEC-0F1E8AFAF9DC} = {A26EE4A6-6899-35DA-BCEC-0F1E8AFAF9DC}
		{4D95CFDC-E53E-3A89-9F1D-7B71B7EFF3DB} = {4D95CFDC-E53E-3A89-9F1D-7B71B7EFF3DB}
		{749FB7EB-3AC4-3415-B7FC-438F625D275F} = {749FB7EB-3AC4-3415-B7FC-438F625D275F}
		{B662E104-4454-356D-805C-AF2A3BC9700C} = {B662E104-4454-356D-805C-AF2A3BC9700C}
		{672D6D66-C909-3AF6-A01E-EA6BB8553D6D} = {672D6D66-C909-3AF6-A01E-EA6BB8553D6D}
		{9392171E-7957-3209-9A5F-933D8F09F505} = {9392171E-7957-3209-9A5F-933D8F09F505}
		{48D30757-8901-3B83-BBA5-C43EE6A01476} = {48D30757-8901-3B83-BBA5-C43EE6A01476}
	EndProjectSection
EndProject
Project("{8BC9CEB8-8B4A-11D0-8D11-00A0C91BC942}") = "ZERO_CHECK", "ZERO_CHECK.vcxproj", "{B73BB4FC-4EB6-30C1-B001-3AEA12F2D789}"
	ProjectSection(ProjectDependencies) = postProject
	EndProjectSection
EndProject
Project("{6989167D-11E4-40FE-8C1A-2192A86A7E90}") = "secondtst_EXT_ETIME", "secondtst_EXT_ETIME.vfproj", "{A26EE4A6-6899-35DA-BCEC-0F1E8AFAF9DC}"
	ProjectSection(ProjectDependencies) = postProject
		{B73BB4FC-4EB6-30C1-B001-3AEA12F2D789} = {B73BB4FC-4EB6-30C1-B001-3AEA12F2D789}
	EndProjectSection
EndProject
Project("{6989167D-11E4-40FE-8C1A-2192A86A7E90}") = "secondtst_EXT_ETIME_", "secondtst_EXT_ETIME_.vfproj", "{4D95CFDC-E53E-3A89-9F1D-7B71B7EFF3DB}"
	ProjectSection(ProjectDependencies) = postProject
		{B73BB4FC-4EB6-30C1-B001-3AEA12F2D789} = {B73BB4FC-4EB6-30C1-B001-3AEA12F2D789}
	EndProjectSection
EndProject
Project("{6989167D-11E4-40FE-8C1A-2192A86A7E90}") = "secondtst_INT_CPU_TIME", "secondtst_INT_CPU_TIME.vfproj", "{749FB7EB-3AC4-3415-B7FC-438F625D275F}"
	ProjectSection(ProjectDependencies) = postProject
		{B73BB4FC-4EB6-30C1-B001-3AEA12F2D789} = {B73BB4FC-4EB6-30C1-B001-3AEA12F2D789}
	EndProjectSection
EndProject
Project("{6989167D-11E4-40FE-8C1A-2192A86A7E90}") = "secondtst_INT_ETIME", "secondtst_INT_ETIME.vfproj", "{B662E104-4454-356D-805C-AF2A3BC9700C}"
	ProjectSection(ProjectDependencies) = postProject
		{B73BB4FC-4EB6-30C1-B001-3AEA12F2D789} = {B73BB4FC-4EB6-30C1-B001-3AEA12F2D789}
	EndProjectSection
EndProject
Project("{6989167D-11E4-40FE-8C1A-2192A86A7E90}") = "secondtst_NONE", "secondtst_NONE.vfproj", "{672D6D66-C909-3AF6-A01E-EA6BB8553D6D}"
	ProjectSection(ProjectDependencies) = postProject
		{B73BB4FC-4EB6-30C1-B001-3AEA12F2D789} = {B73BB4FC-4EB6-30C1-B001-3AEA12F2D789}
	EndProjectSection
EndProject
Project("{6989167D-11E4-40FE-8C1A-2192A86A7E90}") = "testieee", "testieee.vfproj", "{9392171E-7957-3209-9A5F-933D8F09F505}"
	ProjectSection(ProjectDependencies) = postProject
		{B73BB4FC-4EB6-30C1-B001-3AEA12F2D789} = {B73BB4FC-4EB6-30C1-B001-3AEA12F2D789}
	EndProjectSection
EndProject
Project("{6989167D-11E4-40FE-8C1A-2192A86A7E90}") = "testversion", "testversion.vfproj", "{48D30757-8901-3B83-BBA5-C43EE6A01476}"
	ProjectSection(ProjectDependencies) = postProject
		{B73BB4FC-4EB6-30C1-B001-3AEA12F2D789} = {B73BB4FC-4EB6-30C1-B001-3AEA12F2D789}
	EndProjectSection
EndProject
Global
	GlobalSection(SolutionConfigurationPlatforms) = preSolution
		Debug|x64 = Debug|x64
		Release|x64 = Release|x64
		MinSizeRel|x64 = MinSizeRel|x64
		RelWithDebInfo|x64 = RelWithDebInfo|x64
	EndGlobalSection
	GlobalSection(ProjectConfigurationPlatforms) = postSolution
		{9E24DB68-5647-3DF4-A69A-C05A6DD929D2}.Debug|x64.ActiveCfg = Debug|x64
		{9E24DB68-5647-3DF4-A69A-C05A6DD929D2}.Release|x64.ActiveCfg = Release|x64
		{9E24DB68-5647-3DF4-A69A-C05A6DD929D2}.MinSizeRel|x64.ActiveCfg = MinSizeRel|x64
		{9E24DB68-5647-3DF4-A69A-C05A6DD929D2}.RelWithDebInfo|x64.ActiveCfg = RelWithDebInfo|x64
		{B73BB4FC-4EB6-30C1-B001-3AEA12F2D789}.Debug|x64.ActiveCfg = Debug|x64
		{B73BB4FC-4EB6-30C1-B001-3AEA12F2D789}.Debug|x64.Build.0 = Debug|x64
		{B73BB4FC-4EB6-30C1-B001-3AEA12F2D789}.Release|x64.ActiveCfg = Release|x64
		{B73BB4FC-4EB6-30C1-B001-3AEA12F2D789}.Release|x64.Build.0 = Release|x64
		{B73BB4FC-4EB6-30C1-B001-3AEA12F2D789}.MinSizeRel|x64.ActiveCfg = MinSizeRel|x64
		{B73BB4FC-4EB6-30C1-B001-3AEA12F2D789}.MinSizeRel|x64.Build.0 = MinSizeRel|x64
		{B73BB4FC-4EB6-30C1-B001-3AEA12F2D789}.RelWithDebInfo|x64.ActiveCfg = RelWithDebInfo|x64
		{B73BB4FC-4EB6-30C1-B001-3AEA12F2D789}.RelWithDebInfo|x64.Build.0 = RelWithDebInfo|x64
		{A26EE4A6-6899-35DA-BCEC-0F1E8AFAF9DC}.Debug|x64.ActiveCfg = Debug|x64
		{A26EE4A6-6899-35DA-BCEC-0F1E8AFAF9DC}.Debug|x64.Build.0 = Debug|x64
		{A26EE4A6-6899-35DA-BCEC-0F1E8AFAF9DC}.Release|x64.ActiveCfg = Release|x64
		{A26EE4A6-6899-35DA-BCEC-0F1E8AFAF9DC}.Release|x64.Build.0 = Release|x64
		{A26EE4A6-6899-35DA-BCEC-0F1E8AFAF9DC}.MinSizeRel|x64.ActiveCfg = MinSizeRel|x64
		{A26EE4A6-6899-35DA-BCEC-0F1E8AFAF9DC}.MinSizeRel|x64.Build.0 = MinSizeRel|x64
		{A26EE4A6-6899-35DA-BCEC-0F1E8AFAF9DC}.RelWithDebInfo|x64.ActiveCfg = RelWithDebInfo|x64
		{A26EE4A6-6899-35DA-BCEC-0F1E8AFAF9DC}.RelWithDebInfo|x64.Build.0 = RelWithDebInfo|x64
		{4D95CFDC-E53E-3A89-9F1D-7B71B7EFF3DB}.Debug|x64.ActiveCfg = Debug|x64
		{4D95CFDC-E53E-3A89-9F1D-7B71B7EFF3DB}.Debug|x64.Build.0 = Debug|x64
		{4D95CFDC-E53E-3A89-9F1D-7B71B7EFF3DB}.Release|x64.ActiveCfg = Release|x64
		{4D95CFDC-E53E-3A89-9F1D-7B71B7EFF3DB}.Release|x64.Build.0 = Release|x64
		{4D95CFDC-E53E-3A89-9F1D-7B71B7EFF3DB}.MinSizeRel|x64.ActiveCfg = MinSizeRel|x64
		{4D95CFDC-E53E-3A89-9F1D-7B71B7EFF3DB}.MinSizeRel|x64.Build.0 = MinSizeRel|x64
		{4D95CFDC-E53E-3A89-9F1D-7B71B7EFF3DB}.RelWithDebInfo|x64.ActiveCfg = RelWithDebInfo|x64
		{4D95CFDC-E53E-3A89-9F1D-7B71B7EFF3DB}.RelWithDebInfo|x64.Build.0 = RelWithDebInfo|x64
		{749FB7EB-3AC4-3415-B7FC-438F625D275F}.Debug|x64.ActiveCfg = Debug|x64
		{749FB7EB-3AC4-3415-B7FC-438F625D275F}.Debug|x64.Build.0 = Debug|x64
		{749FB7EB-3AC4-3415-B7FC-438F625D275F}.Release|x64.ActiveCfg = Release|x64
		{749FB7EB-3AC4-3415-B7FC-438F625D275F}.Release|x64.Build.0 = Release|x64
		{749FB7EB-3AC4-3415-B7FC-438F625D275F}.MinSizeRel|x64.ActiveCfg = MinSizeRel|x64
		{749FB7EB-3AC4-3415-B7FC-438F625D275F}.MinSizeRel|x64.Build.0 = MinSizeRel|x64
		{749FB7EB-3AC4-3415-B7FC-438F625D275F}.RelWithDebInfo|x64.ActiveCfg = RelWithDebInfo|x64
		{749FB7EB-3AC4-3415-B7FC-438F625D275F}.RelWithDebInfo|x64.Build.0 = RelWithDebInfo|x64
		{B662E104-4454-356D-805C-AF2A3BC9700C}.Debug|x64.ActiveCfg = Debug|x64
		{B662E104-4454-356D-805C-AF2A3BC9700C}.Debug|x64.Build.0 = Debug|x64
		{B662E104-4454-356D-805C-AF2A3BC9700C}.Release|x64.ActiveCfg = Release|x64
		{B662E104-4454-356D-805C-AF2A3BC9700C}.Release|x64.Build.0 = Release|x64
		{B662E104-4454-356D-805C-AF2A3BC9700C}.MinSizeRel|x64.ActiveCfg = MinSizeRel|x64
		{B662E104-4454-356D-805C-AF2A3BC9700C}.MinSizeRel|x64.Build.0 = MinSizeRel|x64
		{B662E104-4454-356D-805C-AF2A3BC9700C}.RelWithDebInfo|x64.ActiveCfg = RelWithDebInfo|x64
		{B662E104-4454-356D-805C-AF2A3BC9700C}.RelWithDebInfo|x64.Build.0 = RelWithDebInfo|x64
		{672D6D66-C909-3AF6-A01E-EA6BB8553D6D}.Debug|x64.ActiveCfg = Debug|x64
		{672D6D66-C909-3AF6-A01E-EA6BB8553D6D}.Debug|x64.Build.0 = Debug|x64
		{672D6D66-C909-3AF6-A01E-EA6BB8553D6D}.Release|x64.ActiveCfg = Release|x64
		{672D6D66-C909-3AF6-A01E-EA6BB8553D6D}.Release|x64.Build.0 = Release|x64
		{672D6D66-C909-3AF6-A01E-EA6BB8553D6D}.MinSizeRel|x64.ActiveCfg = MinSizeRel|x64
		{672D6D66-C909-3AF6-A01E-EA6BB8553D6D}.MinSizeRel|x64.Build.0 = MinSizeRel|x64
		{672D6D66-C909-3AF6-A01E-EA6BB8553D6D}.RelWithDebInfo|x64.ActiveCfg = RelWithDebInfo|x64
		{672D6D66-C909-3AF6-A01E-EA6BB8553D6D}.RelWithDebInfo|x64.Build.0 = RelWithDebInfo|x64
		{9392171E-7957-3209-9A5F-933D8F09F505}.Debug|x64.ActiveCfg = Debug|x64
		{9392171E-7957-3209-9A5F-933D8F09F505}.Debug|x64.Build.0 = Debug|x64
		{9392171E-7957-3209-9A5F-933D8F09F505}.Release|x64.ActiveCfg = Release|x64
		{9392171E-7957-3209-9A5F-933D8F09F505}.Release|x64.Build.0 = Release|x64
		{9392171E-7957-3209-9A5F-933D8F09F505}.MinSizeRel|x64.ActiveCfg = MinSizeRel|x64
		{9392171E-7957-3209-9A5F-933D8F09F505}.MinSizeRel|x64.Build.0 = MinSizeRel|x64
		{9392171E-7957-3209-9A5F-933D8F09F505}.RelWithDebInfo|x64.ActiveCfg = RelWithDebInfo|x64
		{9392171E-7957-3209-9A5F-933D8F09F505}.RelWithDebInfo|x64.Build.0 = RelWithDebInfo|x64
		{48D30757-8901-3B83-BBA5-C43EE6A01476}.Debug|x64.ActiveCfg = Debug|x64
		{48D30757-8901-3B83-BBA5-C43EE6A01476}.Debug|x64.Build.0 = Debug|x64
		{48D30757-8901-3B83-BBA5-C43EE6A01476}.Release|x64.ActiveCfg = Release|x64
		{48D30757-8901-3B83-BBA5-C43EE6A01476}.Release|x64.Build.0 = Release|x64
		{48D30757-8901-3B83-BBA5-C43EE6A01476}.MinSizeRel|x64.ActiveCfg = MinSizeRel|x64
		{48D30757-8901-3B83-BBA5-C43EE6A01476}.MinSizeRel|x64.Build.0 = MinSizeRel|x64
		{48D30757-8901-3B83-BBA5-C43EE6A01476}.RelWithDebInfo|x64.ActiveCfg = RelWithDebInfo|x64
		{48D30757-8901-3B83-BBA5-C43EE6A01476}.RelWithDebInfo|x64.Build.0 = RelWithDebInfo|x64
	EndGlobalSection
	GlobalSection(ExtensibilityGlobals) = postSolution
		SolutionGuid = {B84CE0E0-747E-356A-8B5E-5C1FBC61A560}
	EndGlobalSection
	GlobalSection(ExtensibilityAddIns) = postSolution
	EndGlobalSection
EndGlobal
